
Microsoft Visual Studio Solution File, Format Version 12.00
# Visual Studio Version 17
VisualStudioVersion = 17.11.35312.102
MinimumVisualStudioVersion = 10.0.40219.1
Project("{FAE04EC0-301F-11D3-BF4B-00C04F79EFBC}") = "Dijkstra", "Dijkstra.csproj", "{477C6659-9683-40DB-AA6D-59D614A82C9C}"
EndProject
Project("{FAE04EC0-301F-11D3-BF4B-00C04F79EFBC}") = "Graf", "..\Graf\Graf.csproj", "{57E11D99-94C9-4187-AF0B-5BE5D6351A50}"
EndProject
Global
	GlobalSection(SolutionConfigurationPlatforms) = preSolution
		Debug|Any CPU = Debug|Any CPU
		Release|Any CPU = Release|Any CPU
	EndGlobalSection
	GlobalSection(ProjectConfigurationPlatforms) = postSolution
		{477C6659-9683-40DB-AA6D-59D614A82C9C}.Debug|Any CPU.ActiveCfg = Debug|Any CPU
		{477C6659-9683-40DB-AA6D-59D614A82C9C}.Debug|Any CPU.Build.0 = Debug|Any CPU
		{477C6659-9683-40DB-AA6D-59D614A82C9C}.Release|Any CPU.ActiveCfg = Release|Any CPU
		{477C6659-9683-40DB-AA6D-59D614A82C9C}.Release|Any CPU.Build.0 = Release|Any CPU
		{57E11D99-94C9-4187-AF0B-5BE5D6351A50}.Debug|Any CPU.ActiveCfg = Debug|Any CPU
		{57E11D99-94C9-4187-AF0B-5BE5D6351A50}.Debug|Any CPU.Build.0 = Debug|Any CPU
		{57E11D99-94C9-4187-AF0B-5BE5D6351A50}.Release|Any CPU.ActiveCfg = Release|Any CPU
		{57E11D99-94C9-4187-AF0B-5BE5D6351A50}.Release|Any CPU.Build.0 = Release|Any CPU
	EndGlobalSection
	GlobalSection(SolutionProperties) = preSolution
		HideSolutionNode = FALSE
	EndGlobalSection
	GlobalSection(ExtensibilityGlobals) = postSolution
		SolutionGuid = {7016E4B8-7EC5-4843-83B5-980742175A96}
	EndGlobalSection
EndGlobal
