
Microsoft Visual Studio Solution File, Format Version 12.00
# Visual Studio Version 17
VisualStudioVersion = 17.11.35312.102
MinimumVisualStudioVersion = 10.0.40219.1
Project("{FAE04EC0-301F-11D3-BF4B-00C04F79EFBC}") = "alpha-beta", "alpha-beta.csproj", "{7E97B98A-63EC-41FC-A15D-A4B2C93C0F46}"
EndProject
Global
	GlobalSection(SolutionConfigurationPlatforms) = preSolution
		Debug|Any CPU = Debug|Any CPU
		Release|Any CPU = Release|Any CPU
	EndGlobalSection
	GlobalSection(ProjectConfigurationPlatforms) = postSolution
		{7E97B98A-63EC-41FC-A15D-A4B2C93C0F46}.Debug|Any CPU.ActiveCfg = Debug|Any CPU
		{7E97B98A-63EC-41FC-A15D-A4B2C93C0F46}.Debug|Any CPU.Build.0 = Debug|Any CPU
		{7E97B98A-63EC-41FC-A15D-A4B2C93C0F46}.Release|Any CPU.ActiveCfg = Release|Any CPU
		{7E97B98A-63EC-41FC-A15D-A4B2C93C0F46}.Release|Any CPU.Build.0 = Release|Any CPU
	EndGlobalSection
	GlobalSection(SolutionProperties) = preSolution
		HideSolutionNode = FALSE
	EndGlobalSection
	GlobalSection(ExtensibilityGlobals) = postSolution
		SolutionGuid = {2F7D5BD7-E1F8-417F-9457-1AF48D30C2E8}
	EndGlobalSection
EndGlobal
